
Microsoft Visual Studio Solution File, Format Version 12.00
# Visual Studio 2012
Project("{FAE04EC0-301F-11D3-BF4B-00C04F79EFBC}") = "R2.Disaster.WebAPI", "WebAPI\R2.Disaster.WebAPI\R2.Disaster.WebAPI.csproj", "{53EECD0B-B56A-4756-BFEE-8A930A70D27C}"
EndProject
Project("{2150E333-8FDC-42A3-9474-1A3956D46DE8}") = "WebAPI", "WebAPI", "{B4F17CCA-F2B2-4063-96F4-FA1844162DCD}"
EndProject
Project("{2150E333-8FDC-42A3-9474-1A3956D46DE8}") = "Core", "Core", "{44C2C1D7-3696-4D0C-B096-4E55D0D36157}"
EndProject
Project("{FAE04EC0-301F-11D3-BF4B-00C04F79EFBC}") = "R2.Disaster.Data", "Core\R2.Disaster.Data\R2.Disaster.Data.csproj", "{415DC4A2-12F3-4DD8-A313-F7B56D0E69D6}"
EndProject
Project("{FAE04EC0-301F-11D3-BF4B-00C04F79EFBC}") = "R2.Disaster.Core", "Core\R2.Disaster.CoreInfrastructure\R2.Disaster.Core.csproj", "{56B94CEB-6C59-4D40-98EF-5CF0AE50E39B}"
EndProject
Project("{FAE04EC0-301F-11D3-BF4B-00C04F79EFBC}") = "R2.Disaster.CoreEntities", "Core\R2.Disaster.Core.Entities\R2.Disaster.CoreEntities.csproj", "{A35EEB0E-144A-4C26-8A86-BD316A5A654F}"
EndProject
Project("{2150E333-8FDC-42A3-9474-1A3956D46DE8}") = "Domain", "Domain", "{4CCCD331-761F-45D1-9958-FA8A2AFDC4CF}"
EndProject
Project("{2150E333-8FDC-42A3-9474-1A3956D46DE8}") = "Test", "Test", "{4E77E7F2-C290-40F6-B4ED-30F165F33039}"
EndProject
Project("{2150E333-8FDC-42A3-9474-1A3956D46DE8}") = "Helper", "Helper", "{0B08AF6B-7EA1-42D2-A724-90F748BFA351}"
EndProject
Project("{FAE04EC0-301F-11D3-BF4B-00C04F79EFBC}") = "R2.Helper", "..\R2.Helper\R2.Helper.csproj", "{7EB95B17-8407-4E18-8032-717B33778653}"
EndProject
Project("{FAE04EC0-301F-11D3-BF4B-00C04F79EFBC}") = "R2.Disaster.Model", "Domain\R2.Disaster.Model\R2.Disaster.Model.csproj", "{F5DEE8EC-C5F4-44D4-A88C-6A14CB661717}"
EndProject
Project("{FAE04EC0-301F-11D3-BF4B-00C04F79EFBC}") = "R2.Disaster.Repository", "Domain\R2.Disaster.Repository\R2.Disaster.Repository.csproj", "{253D148E-94EE-4652-B13D-B867DF4AD86A}"
EndProject
Project("{FAE04EC0-301F-11D3-BF4B-00C04F79EFBC}") = "R2.Disaster.Service", "Domain\R2.Disaster.Service\R2.Disaster.Service.csproj", "{0F1FB5DE-F285-4CBE-B39B-DC2F254146EE}"
EndProject
Project("{FAE04EC0-301F-11D3-BF4B-00C04F79EFBC}") = "R2.Disaster.WebAPI.Tests", "Test\R2.Disaster.WebAPI.Tests\R2.Disaster.WebAPI.Tests.csproj", "{8894AE0F-AE29-4337-AF76-578900E35074}"
EndProject
Project("{FAE04EC0-301F-11D3-BF4B-00C04F79EFBC}") = "R2.Disaster.Service.Tests", "Test\R2.Disaster.Service.Tests\R2.Disaster.Service.Tests.csproj", "{97C3D2F2-981B-4519-8212-B56C53B54FC3}"
EndProject
Project("{FAE04EC0-301F-11D3-BF4B-00C04F79EFBC}") = "R2.Disaster.WebAPI.ServiceModel", "WebAPI\R2.Disaster.WebAPI.ServiceModel\R2.Disaster.WebAPI.ServiceModel.csproj", "{0CA55583-5936-4858-ACC1-35A57F3DD6C4}"
EndProject
Project("{FAE04EC0-301F-11D3-BF4B-00C04F79EFBC}") = "R2.Disaster.WebFramework", "WebAPI\R2.Disaster.WebFramework\R2.Disaster.WebFramework.csproj", "{3D8BD5F1-76AE-41DD-A26D-ACCCDFF00EED}"
EndProject
Global
	GlobalSection(SolutionConfigurationPlatforms) = preSolution
		Debug|Any CPU = Debug|Any CPU
		Release|Any CPU = Release|Any CPU
	EndGlobalSection
	GlobalSection(ProjectConfigurationPlatforms) = postSolution
		{53EECD0B-B56A-4756-BFEE-8A930A70D27C}.Debug|Any CPU.ActiveCfg = Debug|Any CPU
		{53EECD0B-B56A-4756-BFEE-8A930A70D27C}.Debug|Any CPU.Build.0 = Debug|Any CPU
		{53EECD0B-B56A-4756-BFEE-8A930A70D27C}.Release|Any CPU.ActiveCfg = Release|Any CPU
		{53EECD0B-B56A-4756-BFEE-8A930A70D27C}.Release|Any CPU.Build.0 = Release|Any CPU
		{415DC4A2-12F3-4DD8-A313-F7B56D0E69D6}.Debug|Any CPU.ActiveCfg = Debug|Any CPU
		{415DC4A2-12F3-4DD8-A313-F7B56D0E69D6}.Debug|Any CPU.Build.0 = Debug|Any CPU
		{415DC4A2-12F3-4DD8-A313-F7B56D0E69D6}.Release|Any CPU.ActiveCfg = Release|Any CPU
		{415DC4A2-12F3-4DD8-A313-F7B56D0E69D6}.Release|Any CPU.Build.0 = Release|Any CPU
		{56B94CEB-6C59-4D40-98EF-5CF0AE50E39B}.Debug|Any CPU.ActiveCfg = Debug|Any CPU
		{56B94CEB-6C59-4D40-98EF-5CF0AE50E39B}.Debug|Any CPU.Build.0 = Debug|Any CPU
		{56B94CEB-6C59-4D40-98EF-5CF0AE50E39B}.Release|Any CPU.ActiveCfg = Release|Any CPU
		{56B94CEB-6C59-4D40-98EF-5CF0AE50E39B}.Release|Any CPU.Build.0 = Release|Any CPU
		{A35EEB0E-144A-4C26-8A86-BD316A5A654F}.Debug|Any CPU.ActiveCfg = Debug|Any CPU
		{A35EEB0E-144A-4C26-8A86-BD316A5A654F}.Debug|Any CPU.Build.0 = Debug|Any CPU
		{A35EEB0E-144A-4C26-8A86-BD316A5A654F}.Release|Any CPU.ActiveCfg = Release|Any CPU
		{A35EEB0E-144A-4C26-8A86-BD316A5A654F}.Release|Any CPU.Build.0 = Release|Any CPU
		{7EB95B17-8407-4E18-8032-717B33778653}.Debug|Any CPU.ActiveCfg = Debug|Any CPU
		{7EB95B17-8407-4E18-8032-717B33778653}.Debug|Any CPU.Build.0 = Debug|Any CPU
		{7EB95B17-8407-4E18-8032-717B33778653}.Release|Any CPU.ActiveCfg = Release|Any CPU
		{7EB95B17-8407-4E18-8032-717B33778653}.Release|Any CPU.Build.0 = Release|Any CPU
		{F5DEE8EC-C5F4-44D4-A88C-6A14CB661717}.Debug|Any CPU.ActiveCfg = Debug|Any CPU
		{F5DEE8EC-C5F4-44D4-A88C-6A14CB661717}.Debug|Any CPU.Build.0 = Debug|Any CPU
		{F5DEE8EC-C5F4-44D4-A88C-6A14CB661717}.Release|Any CPU.ActiveCfg = Release|Any CPU
		{F5DEE8EC-C5F4-44D4-A88C-6A14CB661717}.Release|Any CPU.Build.0 = Release|Any CPU
		{253D148E-94EE-4652-B13D-B867DF4AD86A}.Debug|Any CPU.ActiveCfg = Debug|Any CPU
		{253D148E-94EE-4652-B13D-B867DF4AD86A}.Debug|Any CPU.Build.0 = Debug|Any CPU
		{253D148E-94EE-4652-B13D-B867DF4AD86A}.Release|Any CPU.ActiveCfg = Release|Any CPU
		{253D148E-94EE-4652-B13D-B867DF4AD86A}.Release|Any CPU.Build.0 = Release|Any CPU
		{0F1FB5DE-F285-4CBE-B39B-DC2F254146EE}.Debug|Any CPU.ActiveCfg = Debug|Any CPU
		{0F1FB5DE-F285-4CBE-B39B-DC2F254146EE}.Debug|Any CPU.Build.0 = Debug|Any CPU
		{0F1FB5DE-F285-4CBE-B39B-DC2F254146EE}.Release|Any CPU.ActiveCfg = Release|Any CPU
		{0F1FB5DE-F285-4CBE-B39B-DC2F254146EE}.Release|Any CPU.Build.0 = Release|Any CPU
		{8894AE0F-AE29-4337-AF76-578900E35074}.Debug|Any CPU.ActiveCfg = Debug|Any CPU
		{8894AE0F-AE29-4337-AF76-578900E35074}.Debug|Any CPU.Build.0 = Debug|Any CPU
		{8894AE0F-AE29-4337-AF76-578900E35074}.Release|Any CPU.ActiveCfg = Release|Any CPU
		{8894AE0F-AE29-4337-AF76-578900E35074}.Release|Any CPU.Build.0 = Release|Any CPU
		{97C3D2F2-981B-4519-8212-B56C53B54FC3}.Debug|Any CPU.ActiveCfg = Debug|Any CPU
		{97C3D2F2-981B-4519-8212-B56C53B54FC3}.Debug|Any CPU.Build.0 = Debug|Any CPU
		{97C3D2F2-981B-4519-8212-B56C53B54FC3}.Release|Any CPU.ActiveCfg = Release|Any CPU
		{97C3D2F2-981B-4519-8212-B56C53B54FC3}.Release|Any CPU.Build.0 = Release|Any CPU
		{0CA55583-5936-4858-ACC1-35A57F3DD6C4}.Debug|Any CPU.ActiveCfg = Debug|Any CPU
		{0CA55583-5936-4858-ACC1-35A57F3DD6C4}.Debug|Any CPU.Build.0 = Debug|Any CPU
		{0CA55583-5936-4858-ACC1-35A57F3DD6C4}.Release|Any CPU.ActiveCfg = Release|Any CPU
		{0CA55583-5936-4858-ACC1-35A57F3DD6C4}.Release|Any CPU.Build.0 = Release|Any CPU
		{3D8BD5F1-76AE-41DD-A26D-ACCCDFF00EED}.Debug|Any CPU.ActiveCfg = Debug|Any CPU
		{3D8BD5F1-76AE-41DD-A26D-ACCCDFF00EED}.Debug|Any CPU.Build.0 = Debug|Any CPU
		{3D8BD5F1-76AE-41DD-A26D-ACCCDFF00EED}.Release|Any CPU.ActiveCfg = Release|Any CPU
		{3D8BD5F1-76AE-41DD-A26D-ACCCDFF00EED}.Release|Any CPU.Build.0 = Release|Any CPU
	EndGlobalSection
	GlobalSection(SolutionProperties) = preSolution
		HideSolutionNode = FALSE
	EndGlobalSection
	GlobalSection(NestedProjects) = preSolution
		{53EECD0B-B56A-4756-BFEE-8A930A70D27C} = {B4F17CCA-F2B2-4063-96F4-FA1844162DCD}
		{0CA55583-5936-4858-ACC1-35A57F3DD6C4} = {B4F17CCA-F2B2-4063-96F4-FA1844162DCD}
		{3D8BD5F1-76AE-41DD-A26D-ACCCDFF00EED} = {B4F17CCA-F2B2-4063-96F4-FA1844162DCD}
		{415DC4A2-12F3-4DD8-A313-F7B56D0E69D6} = {44C2C1D7-3696-4D0C-B096-4E55D0D36157}
		{56B94CEB-6C59-4D40-98EF-5CF0AE50E39B} = {44C2C1D7-3696-4D0C-B096-4E55D0D36157}
		{A35EEB0E-144A-4C26-8A86-BD316A5A654F} = {44C2C1D7-3696-4D0C-B096-4E55D0D36157}
		{F5DEE8EC-C5F4-44D4-A88C-6A14CB661717} = {4CCCD331-761F-45D1-9958-FA8A2AFDC4CF}
		{253D148E-94EE-4652-B13D-B867DF4AD86A} = {4CCCD331-761F-45D1-9958-FA8A2AFDC4CF}
		{0F1FB5DE-F285-4CBE-B39B-DC2F254146EE} = {4CCCD331-761F-45D1-9958-FA8A2AFDC4CF}
		{8894AE0F-AE29-4337-AF76-578900E35074} = {4E77E7F2-C290-40F6-B4ED-30F165F33039}
		{97C3D2F2-981B-4519-8212-B56C53B54FC3} = {4E77E7F2-C290-40F6-B4ED-30F165F33039}
		{7EB95B17-8407-4E18-8032-717B33778653} = {0B08AF6B-7EA1-42D2-A724-90F748BFA351}
	EndGlobalSection
EndGlobal
